
Microsoft Visual Studio Solution File, Format Version 12.00
# Visual Studio Version 17
VisualStudioVersion = 17.14.36310.24 d17.14
MinimumVisualStudioVersion = 10.0.40219.1
Project("{FAE04EC0-301F-11D3-BF4B-00C04F79EFBC}") = "MelTransport.API", "MelTransport.API\MelTransport.API.csproj", "{0B34571B-7727-4A9A-B54D-4E05169DF1B2}"
EndProject
Project("{FAE04EC0-301F-11D3-BF4B-00C04F79EFBC}") = "MelTransport.Application", "MelTransport.Application\MelTransport.Application.csproj", "{86E9CB6B-684A-4E49-986F-DADC3231C993}"
EndProject
Project("{FAE04EC0-301F-11D3-BF4B-00C04F79EFBC}") = "MelTransport.Domain", "MelTransport.Domain\MelTransport.Domain.csproj", "{92D8F95E-CCC1-4786-A260-419EB7B01116}"
EndProject
Project("{FAE04EC0-301F-11D3-BF4B-00C04F79EFBC}") = "MelTransport.Infrastructure", "MelTransport.Infrastructure\MelTransport.Infrastructure.csproj", "{53C67B82-68A9-4EB0-9BA4-63AE98A4BE20}"
EndProject
Project("{FAE04EC0-301F-11D3-BF4B-00C04F79EFBC}") = "MelTransport.Test", "MelTransport.Test\MelTransport.Test.csproj", "{0D428794-5CD4-45E8-AF3B-3F303F5080EB}"
EndProject
Global
	GlobalSection(SolutionConfigurationPlatforms) = preSolution
		Debug|Any CPU = Debug|Any CPU
		Release|Any CPU = Release|Any CPU
	EndGlobalSection
	GlobalSection(ProjectConfigurationPlatforms) = postSolution
		{0B34571B-7727-4A9A-B54D-4E05169DF1B2}.Debug|Any CPU.ActiveCfg = Debug|Any CPU
		{0B34571B-7727-4A9A-B54D-4E05169DF1B2}.Debug|Any CPU.Build.0 = Debug|Any CPU
		{0B34571B-7727-4A9A-B54D-4E05169DF1B2}.Release|Any CPU.ActiveCfg = Release|Any CPU
		{0B34571B-7727-4A9A-B54D-4E05169DF1B2}.Release|Any CPU.Build.0 = Release|Any CPU
		{86E9CB6B-684A-4E49-986F-DADC3231C993}.Debug|Any CPU.ActiveCfg = Debug|Any CPU
		{86E9CB6B-684A-4E49-986F-DADC3231C993}.Debug|Any CPU.Build.0 = Debug|Any CPU
		{86E9CB6B-684A-4E49-986F-DADC3231C993}.Release|Any CPU.ActiveCfg = Release|Any CPU
		{86E9CB6B-684A-4E49-986F-DADC3231C993}.Release|Any CPU.Build.0 = Release|Any CPU
		{92D8F95E-CCC1-4786-A260-419EB7B01116}.Debug|Any CPU.ActiveCfg = Debug|Any CPU
		{92D8F95E-CCC1-4786-A260-419EB7B01116}.Debug|Any CPU.Build.0 = Debug|Any CPU
		{92D8F95E-CCC1-4786-A260-419EB7B01116}.Release|Any CPU.ActiveCfg = Release|Any CPU
		{92D8F95E-CCC1-4786-A260-419EB7B01116}.Release|Any CPU.Build.0 = Release|Any CPU
		{53C67B82-68A9-4EB0-9BA4-63AE98A4BE20}.Debug|Any CPU.ActiveCfg = Debug|Any CPU
		{53C67B82-68A9-4EB0-9BA4-63AE98A4BE20}.Debug|Any CPU.Build.0 = Debug|Any CPU
		{53C67B82-68A9-4EB0-9BA4-63AE98A4BE20}.Release|Any CPU.ActiveCfg = Release|Any CPU
		{53C67B82-68A9-4EB0-9BA4-63AE98A4BE20}.Release|Any CPU.Build.0 = Release|Any CPU
		{0D428794-5CD4-45E8-AF3B-3F303F5080EB}.Debug|Any CPU.ActiveCfg = Debug|Any CPU
		{0D428794-5CD4-45E8-AF3B-3F303F5080EB}.Debug|Any CPU.Build.0 = Debug|Any CPU
		{0D428794-5CD4-45E8-AF3B-3F303F5080EB}.Release|Any CPU.ActiveCfg = Release|Any CPU
		{0D428794-5CD4-45E8-AF3B-3F303F5080EB}.Release|Any CPU.Build.0 = Release|Any CPU
	EndGlobalSection
	GlobalSection(SolutionProperties) = preSolution
		HideSolutionNode = FALSE
	EndGlobalSection
	GlobalSection(ExtensibilityGlobals) = postSolution
		SolutionGuid = {CE7539E4-209F-4FCA-A767-C5D5B65A779E}
	EndGlobalSection
EndGlobal
